
Microsoft Visual Studio Solution File, Format Version 12.00
# Visual Studio Version 16
VisualStudioVersion = 16.0.29521.150
MinimumVisualStudioVersion = 10.0.40219.1
Project("{9A19103F-16F7-4668-BE54-9A1E7A4F7556}") = "Application.Versioning", "Application.Versioning\Application.Versioning.csproj", "{6736887F-5CB9-4B7D-BACF-3F3704ADCD1F}"
EndProject
Project("{2150E333-8FDC-42A3-9474-1A3956D46DE8}") = "Documentation", "Documentation", "{1B578253-A939-4635-9E10-DA1799BBF3A0}"
	ProjectSection(SolutionItems) = preProject
		..\CHANGELOG.md = ..\CHANGELOG.md
		..\CODE_OF_CONDUCT.md = ..\CODE_OF_CONDUCT.md
		..\CONTRIBUTING.md = ..\CONTRIBUTING.md
		..\README.md = ..\README.md
	EndProjectSection
EndProject
Project("{9A19103F-16F7-4668-BE54-9A1E7A4F7556}") = "Application.Packaging", "Application.Packaging\Application.Packaging.csproj", "{DCD12ECC-A8B8-49F1-A567-BC666054E6F0}"
EndProject
Project("{2150E333-8FDC-42A3-9474-1A3956D46DE8}") = "Common", "Common", "{51E33BEC-96B5-42A2-AF8D-58EB88945A2D}"
	ProjectSection(SolutionItems) = preProject
		_._ = _._
		Common.props = Common.props
	EndProjectSection
EndProject
Project("{9A19103F-16F7-4668-BE54-9A1E7A4F7556}") = "TargetFrameworks.Filtering", "TargetFrameworks.Filtering\TargetFrameworks.Filtering.csproj", "{9DF41068-526D-4369-88B0-1E67580D27D1}"
EndProject
Project("{FAE04EC0-301F-11D3-BF4B-00C04F79EFBC}") = "Application.Building.Light", "Application.Building.Light\Application.Building.Light.csproj", "{BE1922AE-383A-4127-BBC1-1492424697D9}"
EndProject
Global
	GlobalSection(SolutionConfigurationPlatforms) = preSolution
		Debug|Any CPU = Debug|Any CPU
		Release|Any CPU = Release|Any CPU
	EndGlobalSection
	GlobalSection(ProjectConfigurationPlatforms) = postSolution
		{6736887F-5CB9-4B7D-BACF-3F3704ADCD1F}.Debug|Any CPU.ActiveCfg = Debug|Any CPU
		{6736887F-5CB9-4B7D-BACF-3F3704ADCD1F}.Debug|Any CPU.Build.0 = Debug|Any CPU
		{6736887F-5CB9-4B7D-BACF-3F3704ADCD1F}.Release|Any CPU.ActiveCfg = Release|Any CPU
		{6736887F-5CB9-4B7D-BACF-3F3704ADCD1F}.Release|Any CPU.Build.0 = Release|Any CPU
		{DCD12ECC-A8B8-49F1-A567-BC666054E6F0}.Debug|Any CPU.ActiveCfg = Debug|Any CPU
		{DCD12ECC-A8B8-49F1-A567-BC666054E6F0}.Debug|Any CPU.Build.0 = Debug|Any CPU
		{DCD12ECC-A8B8-49F1-A567-BC666054E6F0}.Release|Any CPU.ActiveCfg = Release|Any CPU
		{DCD12ECC-A8B8-49F1-A567-BC666054E6F0}.Release|Any CPU.Build.0 = Release|Any CPU
		{9DF41068-526D-4369-88B0-1E67580D27D1}.Debug|Any CPU.ActiveCfg = Debug|Any CPU
		{9DF41068-526D-4369-88B0-1E67580D27D1}.Debug|Any CPU.Build.0 = Debug|Any CPU
		{9DF41068-526D-4369-88B0-1E67580D27D1}.Release|Any CPU.ActiveCfg = Release|Any CPU
		{9DF41068-526D-4369-88B0-1E67580D27D1}.Release|Any CPU.Build.0 = Release|Any CPU
		{BE1922AE-383A-4127-BBC1-1492424697D9}.Debug|Any CPU.ActiveCfg = Debug|Any CPU
		{BE1922AE-383A-4127-BBC1-1492424697D9}.Debug|Any CPU.Build.0 = Debug|Any CPU
		{BE1922AE-383A-4127-BBC1-1492424697D9}.Release|Any CPU.ActiveCfg = Release|Any CPU
		{BE1922AE-383A-4127-BBC1-1492424697D9}.Release|Any CPU.Build.0 = Release|Any CPU
	EndGlobalSection
	GlobalSection(SolutionProperties) = preSolution
		HideSolutionNode = FALSE
	EndGlobalSection
	GlobalSection(ExtensibilityGlobals) = postSolution
		SolutionGuid = {AF07BFD4-B960-4D26-A469-2C4F9DAB5DB4}
	EndGlobalSection
EndGlobal
